
Microsoft Visual Studio Solution File, Format Version 12.00
# Visual Studio Version 17
VisualStudioVersion = 17.4.33205.214
MinimumVisualStudioVersion = 10.0.40219.1
Project("{9A19103F-16F7-4668-BE54-9A1E7A4F7556}") = "Day01", "Day01\Day01.csproj", "{8620B66C-23FC-4BAC-AD88-89B63FC0A304}"
EndProject
Project("{9A19103F-16F7-4668-BE54-9A1E7A4F7556}") = "ReadMeUpdater", "ReadMeUpdater\ReadMeUpdater.csproj", "{81BDA4DB-BEDE-4ABA-B86F-5936B4D2AECE}"
EndProject
Project("{9A19103F-16F7-4668-BE54-9A1E7A4F7556}") = "AoCUtils", "AoCUtils\AoCUtils.csproj", "{E43F36A5-CE90-4325-9D66-E4E2D98B79C3}"
EndProject
Project("{9A19103F-16F7-4668-BE54-9A1E7A4F7556}") = "Day02", "Day02\Day02.csproj", "{FF4A049A-5221-487C-8D48-FD4C822540D6}"
EndProject
Project("{9A19103F-16F7-4668-BE54-9A1E7A4F7556}") = "Day03", "Day03\Day03.csproj", "{97DC2B2D-FF77-45C5-946D-F79EEB007DA0}"
EndProject
Project("{9A19103F-16F7-4668-BE54-9A1E7A4F7556}") = "Day04", "Day04\Day04.csproj", "{B081A5E5-D97F-4D07-91AD-07F33057C69B}"
EndProject
Project("{9A19103F-16F7-4668-BE54-9A1E7A4F7556}") = "Day05", "Day05\Day05.csproj", "{858879A9-FFCC-42E4-AA55-256FBD3B820A}"
EndProject
Project("{9A19103F-16F7-4668-BE54-9A1E7A4F7556}") = "Day06", "Day06\Day06.csproj", "{FD7C9CBD-09F6-4DB5-BDC2-8FA59C46EFE1}"
EndProject
Project("{9A19103F-16F7-4668-BE54-9A1E7A4F7556}") = "Day07", "Day07\Day07.csproj", "{72300DBA-C8F7-4A89-A9E3-96DA10CC9DAA}"
EndProject
Project("{9A19103F-16F7-4668-BE54-9A1E7A4F7556}") = "Day08", "Day08\Day08.csproj", "{E12A2CF1-9C24-4C40-A22F-4657DF1D5CE5}"
EndProject
Project("{9A19103F-16F7-4668-BE54-9A1E7A4F7556}") = "Day09", "Day09\Day09.csproj", "{5BDFA7FB-6078-4652-A4D8-F98E8A436844}"
EndProject
Project("{9A19103F-16F7-4668-BE54-9A1E7A4F7556}") = "Day10", "Day10\Day10.csproj", "{139D3BDB-D149-46D7-92EC-8625F005075B}"
EndProject
Project("{9A19103F-16F7-4668-BE54-9A1E7A4F7556}") = "Day11", "Day11\Day11.csproj", "{7C839F7D-A429-4065-87E7-776097691C80}"
EndProject
Project("{FAE04EC0-301F-11D3-BF4B-00C04F79EFBC}") = "Day12", "Day12\Day12.csproj", "{51682986-D345-433F-ACBB-6E90ECDD3E84}"
EndProject
Global
	GlobalSection(SolutionConfigurationPlatforms) = preSolution
		Debug|Any CPU = Debug|Any CPU
		Release|Any CPU = Release|Any CPU
	EndGlobalSection
	GlobalSection(ProjectConfigurationPlatforms) = postSolution
		{8620B66C-23FC-4BAC-AD88-89B63FC0A304}.Debug|Any CPU.ActiveCfg = Debug|Any CPU
		{8620B66C-23FC-4BAC-AD88-89B63FC0A304}.Debug|Any CPU.Build.0 = Debug|Any CPU
		{8620B66C-23FC-4BAC-AD88-89B63FC0A304}.Release|Any CPU.ActiveCfg = Release|Any CPU
		{8620B66C-23FC-4BAC-AD88-89B63FC0A304}.Release|Any CPU.Build.0 = Release|Any CPU
		{81BDA4DB-BEDE-4ABA-B86F-5936B4D2AECE}.Debug|Any CPU.ActiveCfg = Debug|Any CPU
		{81BDA4DB-BEDE-4ABA-B86F-5936B4D2AECE}.Debug|Any CPU.Build.0 = Debug|Any CPU
		{81BDA4DB-BEDE-4ABA-B86F-5936B4D2AECE}.Release|Any CPU.ActiveCfg = Release|Any CPU
		{81BDA4DB-BEDE-4ABA-B86F-5936B4D2AECE}.Release|Any CPU.Build.0 = Release|Any CPU
		{E43F36A5-CE90-4325-9D66-E4E2D98B79C3}.Debug|Any CPU.ActiveCfg = Debug|Any CPU
		{E43F36A5-CE90-4325-9D66-E4E2D98B79C3}.Debug|Any CPU.Build.0 = Debug|Any CPU
		{E43F36A5-CE90-4325-9D66-E4E2D98B79C3}.Release|Any CPU.ActiveCfg = Release|Any CPU
		{E43F36A5-CE90-4325-9D66-E4E2D98B79C3}.Release|Any CPU.Build.0 = Release|Any CPU
		{FF4A049A-5221-487C-8D48-FD4C822540D6}.Debug|Any CPU.ActiveCfg = Debug|Any CPU
		{FF4A049A-5221-487C-8D48-FD4C822540D6}.Debug|Any CPU.Build.0 = Debug|Any CPU
		{FF4A049A-5221-487C-8D48-FD4C822540D6}.Release|Any CPU.ActiveCfg = Release|Any CPU
		{FF4A049A-5221-487C-8D48-FD4C822540D6}.Release|Any CPU.Build.0 = Release|Any CPU
		{97DC2B2D-FF77-45C5-946D-F79EEB007DA0}.Debug|Any CPU.ActiveCfg = Debug|Any CPU
		{97DC2B2D-FF77-45C5-946D-F79EEB007DA0}.Debug|Any CPU.Build.0 = Debug|Any CPU
		{97DC2B2D-FF77-45C5-946D-F79EEB007DA0}.Release|Any CPU.ActiveCfg = Release|Any CPU
		{97DC2B2D-FF77-45C5-946D-F79EEB007DA0}.Release|Any CPU.Build.0 = Release|Any CPU
		{B081A5E5-D97F-4D07-91AD-07F33057C69B}.Debug|Any CPU.ActiveCfg = Debug|Any CPU
		{B081A5E5-D97F-4D07-91AD-07F33057C69B}.Debug|Any CPU.Build.0 = Debug|Any CPU
		{B081A5E5-D97F-4D07-91AD-07F33057C69B}.Release|Any CPU.ActiveCfg = Release|Any CPU
		{B081A5E5-D97F-4D07-91AD-07F33057C69B}.Release|Any CPU.Build.0 = Release|Any CPU
		{858879A9-FFCC-42E4-AA55-256FBD3B820A}.Debug|Any CPU.ActiveCfg = Debug|Any CPU
		{858879A9-FFCC-42E4-AA55-256FBD3B820A}.Debug|Any CPU.Build.0 = Debug|Any CPU
		{858879A9-FFCC-42E4-AA55-256FBD3B820A}.Release|Any CPU.ActiveCfg = Release|Any CPU
		{858879A9-FFCC-42E4-AA55-256FBD3B820A}.Release|Any CPU.Build.0 = Release|Any CPU
		{FD7C9CBD-09F6-4DB5-BDC2-8FA59C46EFE1}.Debug|Any CPU.ActiveCfg = Debug|Any CPU
		{FD7C9CBD-09F6-4DB5-BDC2-8FA59C46EFE1}.Debug|Any CPU.Build.0 = Debug|Any CPU
		{FD7C9CBD-09F6-4DB5-BDC2-8FA59C46EFE1}.Release|Any CPU.ActiveCfg = Release|Any CPU
		{FD7C9CBD-09F6-4DB5-BDC2-8FA59C46EFE1}.Release|Any CPU.Build.0 = Release|Any CPU
		{72300DBA-C8F7-4A89-A9E3-96DA10CC9DAA}.Debug|Any CPU.ActiveCfg = Debug|Any CPU
		{72300DBA-C8F7-4A89-A9E3-96DA10CC9DAA}.Debug|Any CPU.Build.0 = Debug|Any CPU
		{72300DBA-C8F7-4A89-A9E3-96DA10CC9DAA}.Release|Any CPU.ActiveCfg = Release|Any CPU
		{72300DBA-C8F7-4A89-A9E3-96DA10CC9DAA}.Release|Any CPU.Build.0 = Release|Any CPU
		{E12A2CF1-9C24-4C40-A22F-4657DF1D5CE5}.Debug|Any CPU.ActiveCfg = Debug|Any CPU
		{E12A2CF1-9C24-4C40-A22F-4657DF1D5CE5}.Debug|Any CPU.Build.0 = Debug|Any CPU
		{E12A2CF1-9C24-4C40-A22F-4657DF1D5CE5}.Release|Any CPU.ActiveCfg = Release|Any CPU
		{E12A2CF1-9C24-4C40-A22F-4657DF1D5CE5}.Release|Any CPU.Build.0 = Release|Any CPU
		{5BDFA7FB-6078-4652-A4D8-F98E8A436844}.Debug|Any CPU.ActiveCfg = Debug|Any CPU
		{5BDFA7FB-6078-4652-A4D8-F98E8A436844}.Debug|Any CPU.Build.0 = Debug|Any CPU
		{5BDFA7FB-6078-4652-A4D8-F98E8A436844}.Release|Any CPU.ActiveCfg = Release|Any CPU
		{5BDFA7FB-6078-4652-A4D8-F98E8A436844}.Release|Any CPU.Build.0 = Release|Any CPU
		{139D3BDB-D149-46D7-92EC-8625F005075B}.Debug|Any CPU.ActiveCfg = Debug|Any CPU
		{139D3BDB-D149-46D7-92EC-8625F005075B}.Debug|Any CPU.Build.0 = Debug|Any CPU
		{139D3BDB-D149-46D7-92EC-8625F005075B}.Release|Any CPU.ActiveCfg = Release|Any CPU
		{139D3BDB-D149-46D7-92EC-8625F005075B}.Release|Any CPU.Build.0 = Release|Any CPU
		{7C839F7D-A429-4065-87E7-776097691C80}.Debug|Any CPU.ActiveCfg = Debug|Any CPU
		{7C839F7D-A429-4065-87E7-776097691C80}.Debug|Any CPU.Build.0 = Debug|Any CPU
		{7C839F7D-A429-4065-87E7-776097691C80}.Release|Any CPU.ActiveCfg = Release|Any CPU
		{7C839F7D-A429-4065-87E7-776097691C80}.Release|Any CPU.Build.0 = Release|Any CPU
		{51682986-D345-433F-ACBB-6E90ECDD3E84}.Debug|Any CPU.ActiveCfg = Debug|Any CPU
		{51682986-D345-433F-ACBB-6E90ECDD3E84}.Debug|Any CPU.Build.0 = Debug|Any CPU
		{51682986-D345-433F-ACBB-6E90ECDD3E84}.Release|Any CPU.ActiveCfg = Release|Any CPU
		{51682986-D345-433F-ACBB-6E90ECDD3E84}.Release|Any CPU.Build.0 = Release|Any CPU
	EndGlobalSection
	GlobalSection(SolutionProperties) = preSolution
		HideSolutionNode = FALSE
	EndGlobalSection
	GlobalSection(ExtensibilityGlobals) = postSolution
		SolutionGuid = {D759AD7B-7DCC-4DC3-9FC4-760C4E0D7E21}
	EndGlobalSection
EndGlobal
